{
  "requires": true,
  "lockfileVersion": 1,
  "dependencies": {
    "sr201": {
      "version": "0.2.1",
      "resolved": "https://registry.npmjs.org/sr201/-/sr201-0.2.1.tgz",
      "integrity": "sha512-9/EMVcPeIDPZhVe/bmPyjdvisJhn5MF3HCJQqZUUuNnPXUvBbUCFSYNeeKRblJ4ENilNnlOu9+VLnYgf9LekAw=="
    }
  }
}
